
Microsoft Visual Studio Solution File, Format Version 12.00
# Visual Studio 15
VisualStudioVersion = 15.0.28307.106
MinimumVisualStudioVersion = 10.0.40219.1
Project("{FAE04EC0-301F-11D3-BF4B-00C04F79EFBC}") = "SPWebHookSrv", "SPWebHookSrv\SPWebHookSrv.csproj", "{658DE3D3-C1FA-4335-86EA-70227AA0715E}"
EndProject
Project("{FAE04EC0-301F-11D3-BF4B-00C04F79EFBC}") = "SPWebHookSrv.Tests", "SPWebHookSrv.Tests\SPWebHookSrv.Tests.csproj", "{B0B83BE2-3240-4DC2-8286-C94567B19899}"
EndProject
Global
	GlobalSection(SolutionConfigurationPlatforms) = preSolution
		Debug|Any CPU = Debug|Any CPU
		Release|Any CPU = Release|Any CPU
	EndGlobalSection
	GlobalSection(ProjectConfigurationPlatforms) = postSolution
		{658DE3D3-C1FA-4335-86EA-70227AA0715E}.Debug|Any CPU.ActiveCfg = Debug|Any CPU
		{658DE3D3-C1FA-4335-86EA-70227AA0715E}.Debug|Any CPU.Build.0 = Debug|Any CPU
		{658DE3D3-C1FA-4335-86EA-70227AA0715E}.Release|Any CPU.ActiveCfg = Release|Any CPU
		{658DE3D3-C1FA-4335-86EA-70227AA0715E}.Release|Any CPU.Build.0 = Release|Any CPU
		{B0B83BE2-3240-4DC2-8286-C94567B19899}.Debug|Any CPU.ActiveCfg = Debug|Any CPU
		{B0B83BE2-3240-4DC2-8286-C94567B19899}.Debug|Any CPU.Build.0 = Debug|Any CPU
		{B0B83BE2-3240-4DC2-8286-C94567B19899}.Release|Any CPU.ActiveCfg = Release|Any CPU
		{B0B83BE2-3240-4DC2-8286-C94567B19899}.Release|Any CPU.Build.0 = Release|Any CPU
	EndGlobalSection
	GlobalSection(SolutionProperties) = preSolution
		HideSolutionNode = FALSE
	EndGlobalSection
	GlobalSection(ExtensibilityGlobals) = postSolution
		SolutionGuid = {69E2B97B-5281-4756-8CD3-17DB672A4037}
	EndGlobalSection
EndGlobal
